
Microsoft Visual Studio Solution File, Format Version 12.00
# Visual Studio Version 17
VisualStudioVersion = 17.1.32228.430
MinimumVisualStudioVersion = 10.0.40219.1
Project("{FAE04EC0-301F-11D3-BF4B-00C04F79EFBC}") = "Assembly-CSharp", "Assembly-CSharp.csproj", "{46777359-40C3-619A-42F2-7DEDC8529652}"
EndProject
Project("{FAE04EC0-301F-11D3-BF4B-00C04F79EFBC}") = "Assembly-CSharp-firstpass", "Assembly-CSharp-firstpass.csproj", "{2C27D96D-AE62-4C93-15AF-F72529BB5745}"
EndProject
Global
	GlobalSection(SolutionConfigurationPlatforms) = preSolution
		Debug|Any CPU = Debug|Any CPU
		Release|Any CPU = Release|Any CPU
	EndGlobalSection
	GlobalSection(ProjectConfigurationPlatforms) = postSolution
		{46777359-40C3-619A-42F2-7DEDC8529652}.Debug|Any CPU.ActiveCfg = Debug|Any CPU
		{46777359-40C3-619A-42F2-7DEDC8529652}.Debug|Any CPU.Build.0 = Debug|Any CPU
		{46777359-40C3-619A-42F2-7DEDC8529652}.Release|Any CPU.ActiveCfg = Release|Any CPU
		{46777359-40C3-619A-42F2-7DEDC8529652}.Release|Any CPU.Build.0 = Release|Any CPU
		{2C27D96D-AE62-4C93-15AF-F72529BB5745}.Debug|Any CPU.ActiveCfg = Debug|Any CPU
		{2C27D96D-AE62-4C93-15AF-F72529BB5745}.Debug|Any CPU.Build.0 = Debug|Any CPU
		{2C27D96D-AE62-4C93-15AF-F72529BB5745}.Release|Any CPU.ActiveCfg = Release|Any CPU
		{2C27D96D-AE62-4C93-15AF-F72529BB5745}.Release|Any CPU.Build.0 = Release|Any CPU
	EndGlobalSection
	GlobalSection(SolutionProperties) = preSolution
		HideSolutionNode = FALSE
	EndGlobalSection
	GlobalSection(ExtensibilityGlobals) = postSolution
		SolutionGuid = {08A84DEA-6C7F-4BEE-9C03-176EDBBE8754}
	EndGlobalSection
EndGlobal
